
Microsoft Visual Studio Solution File, Format Version 12.00
# Visual Studio Version 16
VisualStudioVersion = 16.0.30804.86
MinimumVisualStudioVersion = 10.0.40219.1
Project("{8BC9CEB8-8B4A-11D0-8D11-00A0C91BC942}") = "PPD_P2", "PPD_P2\PPD_P2.vcxproj", "{A3523A93-2AE6-40BB-9EAD-491DF3A60B63}"
EndProject
Global
	GlobalSection(SolutionConfigurationPlatforms) = preSolution
		Debug|x64 = Debug|x64
		Release|x64 = Release|x64
	EndGlobalSection
	GlobalSection(ProjectConfigurationPlatforms) = postSolution
		{A3523A93-2AE6-40BB-9EAD-491DF3A60B63}.Debug|x64.ActiveCfg = Debug|x64
		{A3523A93-2AE6-40BB-9EAD-491DF3A60B63}.Debug|x64.Build.0 = Debug|x64
		{A3523A93-2AE6-40BB-9EAD-491DF3A60B63}.Release|x64.ActiveCfg = Release|x64
		{A3523A93-2AE6-40BB-9EAD-491DF3A60B63}.Release|x64.Build.0 = Release|x64
	EndGlobalSection
	GlobalSection(SolutionProperties) = preSolution
		HideSolutionNode = FALSE
	EndGlobalSection
	GlobalSection(ExtensibilityGlobals) = postSolution
		SolutionGuid = {C3F3468A-7B7C-47FA-8858-73E405E62910}
	EndGlobalSection
EndGlobal
